
Microsoft Visual Studio Solution File, Format Version 12.00
# Visual Studio Version 17
VisualStudioVersion = 17.5.002.0
MinimumVisualStudioVersion = 10.0.40219.1
Project("{9A19103F-16F7-4668-BE54-9A1E7A4F7556}") = "SpaceBattle.gRPC.Client", "SpaceBattle.gRPC.Client.csproj", "{FE052365-4B42-4687-988C-A725AAFF351E}"
EndProject
Global
	GlobalSection(SolutionConfigurationPlatforms) = preSolution
		Debug|Any CPU = Debug|Any CPU
		Release|Any CPU = Release|Any CPU
	EndGlobalSection
	GlobalSection(ProjectConfigurationPlatforms) = postSolution
		{FE052365-4B42-4687-988C-A725AAFF351E}.Debug|Any CPU.ActiveCfg = Debug|Any CPU
		{FE052365-4B42-4687-988C-A725AAFF351E}.Debug|Any CPU.Build.0 = Debug|Any CPU
		{FE052365-4B42-4687-988C-A725AAFF351E}.Release|Any CPU.ActiveCfg = Release|Any CPU
		{FE052365-4B42-4687-988C-A725AAFF351E}.Release|Any CPU.Build.0 = Release|Any CPU
	EndGlobalSection
	GlobalSection(SolutionProperties) = preSolution
		HideSolutionNode = FALSE
	EndGlobalSection
	GlobalSection(ExtensibilityGlobals) = postSolution
		SolutionGuid = {8E78A1B4-0C86-43F2-A775-695DE3AB1247}
	EndGlobalSection
EndGlobal
